
Microsoft Visual Studio Solution File, Format Version 12.00
# Visual Studio Version 17
VisualStudioVersion = 17.14.37614.0 d17.14
MinimumVisualStudioVersion = 10.0.40219.1
Project("{FAE04EC0-301F-11D3-BF4B-00C04F79EFBC}") = "NFA Code", "NFA Code\NFA Code.csproj", "{371CE0A0-F191-4AD5-8672-43299B7938FA}"
EndProject
Global
	GlobalSection(SolutionConfigurationPlatforms) = preSolution
		Debug|Any CPU = Debug|Any CPU
		Release|Any CPU = Release|Any CPU
	EndGlobalSection
	GlobalSection(ProjectConfigurationPlatforms) = postSolution
		{371CE0A0-F191-4AD5-8672-43299B7938FA}.Debug|Any CPU.ActiveCfg = Debug|Any CPU
		{371CE0A0-F191-4AD5-8672-43299B7938FA}.Debug|Any CPU.Build.0 = Debug|Any CPU
		{371CE0A0-F191-4AD5-8672-43299B7938FA}.Release|Any CPU.ActiveCfg = Release|Any CPU
		{371CE0A0-F191-4AD5-8672-43299B7938FA}.Release|Any CPU.Build.0 = Release|Any CPU
	EndGlobalSection
	GlobalSection(SolutionProperties) = preSolution
		HideSolutionNode = FALSE
	EndGlobalSection
	GlobalSection(ExtensibilityGlobals) = postSolution
		SolutionGuid = {D9851DFB-5F33-4EE1-8397-10AAAA04B7A2}
	EndGlobalSection
EndGlobal
